
Microsoft Visual Studio Solution File, Format Version 12.00
# Visual Studio Version 17
VisualStudioVersion = 17.5.33424.131
MinimumVisualStudioVersion = 10.0.40219.1
Project("{FAE04EC0-301F-11D3-BF4B-00C04F79EFBC}") = "satisTahmin", "satisTahmin.csproj", "{E2558347-90BD-4CB9-B3A6-5F1C1A9EDA4A}"
EndProject
Global
	GlobalSection(SolutionConfigurationPlatforms) = preSolution
		Debug|Any CPU = Debug|Any CPU
		Release|Any CPU = Release|Any CPU
	EndGlobalSection
	GlobalSection(ProjectConfigurationPlatforms) = postSolution
		{E2558347-90BD-4CB9-B3A6-5F1C1A9EDA4A}.Debug|Any CPU.ActiveCfg = Debug|Any CPU
		{E2558347-90BD-4CB9-B3A6-5F1C1A9EDA4A}.Debug|Any CPU.Build.0 = Debug|Any CPU
		{E2558347-90BD-4CB9-B3A6-5F1C1A9EDA4A}.Release|Any CPU.ActiveCfg = Release|Any CPU
		{E2558347-90BD-4CB9-B3A6-5F1C1A9EDA4A}.Release|Any CPU.Build.0 = Release|Any CPU
	EndGlobalSection
	GlobalSection(SolutionProperties) = preSolution
		HideSolutionNode = FALSE
	EndGlobalSection
	GlobalSection(ExtensibilityGlobals) = postSolution
		SolutionGuid = {BCD166F7-AFD2-4EAD-9A55-32290B6AE1D6}
	EndGlobalSection
EndGlobal
